github.com/kshard/float8 v0.0.3 h1:wMmj/dbbwA8aKo+gZ8SS6MhjuXS9+yXYMlaJZfm77l0=
github.com/kshard/float8 v0.0.3/go.mod h1:PnQWQ36EkMym5ulAnfCcpgOzbMeyyq90xsCcosTHJ5E=
golang.org/x/net v0.44.0 h1:evd8IRDyfNBMBTTY5XRF1vaZlD+EmWx6x8PkhR04H/I=
golang.org/x/net v0.44.0/go.mod h1:ECOoLqd5U3Lhyeyo/QDCEVQ4sNgYsqvCZ722XogGieY=
